
Microsoft Visual Studio Solution File, Format Version 12.00
# Visual Studio 15
VisualStudioVersion = 15.0.26430.12
MinimumVisualStudioVersion = 10.0.40219.1
Project("{FAE04EC0-301F-11D3-BF4B-00C04F79EFBC}") = "CHIMP", "CHIMP\CHIMP.csproj", "{3B3D05D1-2FF1-4EFD-86A9-FEB0D9864FD7}"
EndProject
Project("{9A19103F-16F7-4668-BE54-9A1E7A4F7556}") = "Net.Chdk.Model.Camera", "..\Net.Chdk.Model.Camera\Net.Chdk.Model.Camera.csproj", "{5C969127-29EA-4882-81A3-86DBAFAE737C}"
EndProject
Project("{9A19103F-16F7-4668-BE54-9A1E7A4F7556}") = "Net.Chdk.Json", "..\Net.Chdk.Json\Net.Chdk.Json.csproj", "{FA9447A9-7995-4D07-A203-BD096011B278}"
EndProject
Project("{9A19103F-16F7-4668-BE54-9A1E7A4F7556}") = "Net.Chdk.Detectors.Camera.Core", "..\Net.Chdk.Detectors.Camera.Core\Net.Chdk.Detectors.Camera.Core.csproj", "{54A12DB5-2793-46CD-B654-97388F2089DB}"
EndProject
Project("{9A19103F-16F7-4668-BE54-9A1E7A4F7556}") = "Net.Chdk.Model.Card", "..\Net.Chdk.Model.Card\Net.Chdk.Model.Card.csproj", "{47325CD8-73CA-4BB4-A408-2A0AE58075A5}"
EndProject
Project("{9A19103F-16F7-4668-BE54-9A1E7A4F7556}") = "Net.Chdk.Detectors.Camera", "..\Net.Chdk.Detectors.Camera\Net.Chdk.Detectors.Camera.csproj", "{0831DB18-ED3F-42A8-84BE-605354C30647}"
EndProject
Project("{9A19103F-16F7-4668-BE54-9A1E7A4F7556}") = "Net.Chdk.Detectors.Base", "..\Net.Chdk.Detectors.Base\Net.Chdk.Detectors.Base.csproj", "{7EE04F13-B56E-4C8A-B5B6-7DA14C26D5CD}"
EndProject
Project("{9A19103F-16F7-4668-BE54-9A1E7A4F7556}") = "Net.Chdk.Core", "..\Net.Chdk.Core\Net.Chdk.Core.csproj", "{4EFEFD95-2AE3-4B1C-8FB1-EADC09CE8E7D}"
EndProject
Project("{9A19103F-16F7-4668-BE54-9A1E7A4F7556}") = "Net.Chdk.Validators.Core", "..\Net.Chdk.Validators.Core\Net.Chdk.Validators.Core.csproj", "{ABA76643-8DCB-44D0-B215-8609AD18DBBB}"
EndProject
Project("{9A19103F-16F7-4668-BE54-9A1E7A4F7556}") = "Net.Chdk.Model.Category", "..\Net.Chdk.Model.Category\Net.Chdk.Model.Category.csproj", "{45BE7769-6CB9-4FB2-8C54-DF25B3DE2F74}"
EndProject
Project("{9A19103F-16F7-4668-BE54-9A1E7A4F7556}") = "Net.Chdk.Detectors.CameraModel.Core", "..\Net.Chdk.Detectors.CameraModel.Core\Net.Chdk.Detectors.CameraModel.Core.csproj", "{C8EDF113-98A9-49E1-9AE3-EE8CB0FAE8D7}"
EndProject
Project("{9A19103F-16F7-4668-BE54-9A1E7A4F7556}") = "Net.Chdk.Model.CameraModel", "..\Net.Chdk.Model.CameraModel\Net.Chdk.Model.CameraModel.csproj", "{AD66B45E-5CF8-4E9C-8AE9-0E6D404920D7}"
EndProject
Project("{9A19103F-16F7-4668-BE54-9A1E7A4F7556}") = "Net.Chdk.Model.Software", "..\Net.Chdk.Model.Software\Net.Chdk.Model.Software.csproj", "{D7C895A5-5EEA-4CE2-A274-31A05B197503}"
EndProject
Project("{9A19103F-16F7-4668-BE54-9A1E7A4F7556}") = "Net.Chdk.Detectors.CameraModel", "..\Net.Chdk.Detectors.CameraModel\Net.Chdk.Detectors.CameraModel.csproj", "{5C186647-9533-410B-81A0-383F29160F66}"
EndProject
Project("{9A19103F-16F7-4668-BE54-9A1E7A4F7556}") = "Net.Chdk.Providers.Camera.Core", "..\Net.Chdk.Providers.Camera.Core\Net.Chdk.Providers.Camera.Core.csproj", "{82B1F515-EEB2-41DE-9384-BC7F45AF9AE5}"
EndProject
Project("{9A19103F-16F7-4668-BE54-9A1E7A4F7556}") = "Net.Chdk.Providers.Camera", "..\Net.Chdk.Providers.Camera\Net.Chdk.Providers.Camera.csproj", "{69E9787A-CFD5-4BE8-9548-D929AEB3CF4D}"
EndProject
Project("{9A19103F-16F7-4668-BE54-9A1E7A4F7556}") = "Net.Chdk.Providers.Product.Core", "..\Net.Chdk.Providers.Product.Core\Net.Chdk.Providers.Product.Core.csproj", "{5D972DE9-25EB-4348-8D9B-D829934B31A4}"
EndProject
Project("{9A19103F-16F7-4668-BE54-9A1E7A4F7556}") = "Net.Chdk.Meta.Model.Camera.Eos", "..\Net.Chdk.Meta.Model.Camera.Eos\Net.Chdk.Meta.Model.Camera.Eos.csproj", "{413460B2-1497-4DAA-BF5C-CB0FB0AB34B9}"
EndProject
Project("{9A19103F-16F7-4668-BE54-9A1E7A4F7556}") = "Net.Chdk.Meta.Model.Camera.Ps", "..\Net.Chdk.Meta.Model.Camera.Ps\Net.Chdk.Meta.Model.Camera.Ps.csproj", "{CE6E8EF1-14E1-457D-9927-472A49D5A06E}"
EndProject
Project("{9A19103F-16F7-4668-BE54-9A1E7A4F7556}") = "Net.Chdk.Meta.Model.Camera", "..\Net.Chdk.Meta.Model.Camera\Net.Chdk.Meta.Model.Camera.csproj", "{BAEF3486-92EF-4179-898B-CAA85244FFDC}"
EndProject
Project("{9A19103F-16F7-4668-BE54-9A1E7A4F7556}") = "Net.Chdk.Providers.Base", "..\Net.Chdk.Providers.Base\Net.Chdk.Providers.Base.csproj", "{E92E5696-6B0A-4194-BA96-7D84A1A43F93}"
EndProject
Project("{9A19103F-16F7-4668-BE54-9A1E7A4F7556}") = "Net.Chdk.Detectors.Card.Core", "..\Net.Chdk.Detectors.Card.Core\Net.Chdk.Detectors.Card.Core.csproj", "{E95DE6B7-B37D-45E1-BDA8-0272C449146A}"
EndProject
Project("{9A19103F-16F7-4668-BE54-9A1E7A4F7556}") = "Net.Chdk.Detectors.Card", "..\Net.Chdk.Detectors.Card\Net.Chdk.Detectors.Card.csproj", "{D1EF0CAA-6672-428E-90EC-410B7DD7355F}"
EndProject
Project("{9A19103F-16F7-4668-BE54-9A1E7A4F7556}") = "Net.Chdk.Detectors.Software.Core", "..\Net.Chdk.Detectors.Software.Core\Net.Chdk.Detectors.Software.Core.csproj", "{CF27570D-E86F-40A9-B1A7-69C7493587FC}"
EndProject
Project("{9A19103F-16F7-4668-BE54-9A1E7A4F7556}") = "Net.Chdk.Detectors.Software", "..\Net.Chdk.Detectors.Software\Net.Chdk.Detectors.Software.csproj", "{1BD6A320-F08F-46C2-994C-0D419D7CDF03}"
EndProject
Project("{2150E333-8FDC-42A3-9474-1A3956D46DE8}") = "Providers", "Providers", "{C89E664D-D336-46CC-A926-3C8DCDD03938}"
EndProject
Project("{2150E333-8FDC-42A3-9474-1A3956D46DE8}") = "Detectors", "Detectors", "{5E45B966-DEE7-45D5-B999-2D38DAA631B3}"
EndProject
Project("{9A19103F-16F7-4668-BE54-9A1E7A4F7556}") = "Net.Chdk.Encoders.Binary.Core", "..\Net.Chdk.Encoders.Binary.Core\Net.Chdk.Encoders.Binary.Core.csproj", "{2F1930D9-D3F5-4FA3-A3C9-BB9AAB268FDE}"
EndProject
Project("{9A19103F-16F7-4668-BE54-9A1E7A4F7556}") = "Net.Chdk.Encoders.Binary", "..\Net.Chdk.Encoders.Binary\Net.Chdk.Encoders.Binary.csproj", "{1355B19B-44A5-45E0-A078-9B7C18A29E80}"
EndProject
Project("{2150E333-8FDC-42A3-9474-1A3956D46DE8}") = "Model", "Model", "{D38FD57B-B73F-456F-869F-2AD1B3B505F5}"
EndProject
Project("{9A19103F-16F7-4668-BE54-9A1E7A4F7556}") = "Net.Chdk.Providers.Boot.Core", "..\Net.Chdk.Providers.Boot.Core\Net.Chdk.Providers.Boot.Core.csproj", "{A88897BE-5F61-4F74-B594-13E2224E950B}"
EndProject
Project("{9A19103F-16F7-4668-BE54-9A1E7A4F7556}") = "Net.Chdk.Providers.Boot", "..\Net.Chdk.Providers.Boot\Net.Chdk.Providers.Boot.csproj", "{4B435C11-073A-48D1-A417-E653109AC22F}"
EndProject
Project("{9A19103F-16F7-4668-BE54-9A1E7A4F7556}") = "Net.Chdk.Providers.Product", "..\Net.Chdk.Providers.Product\Net.Chdk.Providers.Product.csproj", "{E3E40A2D-F282-475F-AD77-B0F519B66F31}"
EndProject
Project("{9A19103F-16F7-4668-BE54-9A1E7A4F7556}") = "Net.Chdk.Providers.Software.Core", "..\Net.Chdk.Providers.Software.Core\Net.Chdk.Providers.Software.Core.csproj", "{8045F755-9D00-4E90-BEBE-C7410FEFF37C}"
EndProject
Project("{9A19103F-16F7-4668-BE54-9A1E7A4F7556}") = "Net.Chdk.Providers.Software", "..\Net.Chdk.Providers.Software\Net.Chdk.Providers.Software.csproj", "{0F4A63BE-B6F0-4925-946B-C76DFBC06429}"
EndProject
Project("{9A19103F-16F7-4668-BE54-9A1E7A4F7556}") = "Net.Chdk.Providers.Crypto.Core", "..\Net.Chdk.Providers.Crypto.Core\Net.Chdk.Providers.Crypto.Core.csproj", "{000B8972-032B-498D-B977-675922F90DF5}"
EndProject
Project("{9A19103F-16F7-4668-BE54-9A1E7A4F7556}") = "Net.Chdk.Providers.Crypto", "..\Net.Chdk.Providers.Crypto\Net.Chdk.Providers.Crypto.csproj", "{8390AAFA-7E78-470E-AABD-6C061E20D485}"
EndProject
Project("{9A19103F-16F7-4668-BE54-9A1E7A4F7556}") = "Net.Chdk.Providers.Category.Core", "..\Net.Chdk.Providers.Category.Core\Net.Chdk.Providers.Category.Core.csproj", "{ADC5EFB5-9E37-4BB0-B905-2FF4631AB884}"
EndProject
Project("{9A19103F-16F7-4668-BE54-9A1E7A4F7556}") = "Net.Chdk.Providers.Category", "..\Net.Chdk.Providers.Category\Net.Chdk.Providers.Category.csproj", "{A4F3DF60-C032-4571-9BCF-574289435D54}"
EndProject
Project("{2150E333-8FDC-42A3-9474-1A3956D46DE8}") = "Validators", "Validators", "{5F6E656A-6F7F-484B-88CA-87BB894C423B}"
EndProject
Project("{9A19103F-16F7-4668-BE54-9A1E7A4F7556}") = "Net.Chdk.Validators.Software", "..\Net.Chdk.Validators.Software\Net.Chdk.Validators.Software.csproj", "{EBA6C0DC-238A-455A-B192-745D53EF8B36}"
EndProject
Project("{9A19103F-16F7-4668-BE54-9A1E7A4F7556}") = "Net.Chdk.Validators.Base", "..\Net.Chdk.Validators.Base\Net.Chdk.Validators.Base.csproj", "{07F67FCE-79CF-4BB4-83D8-AA225FCCC220}"
EndProject
Project("{2150E333-8FDC-42A3-9474-1A3956D46DE8}") = "Software", "Software", "{2575AF3E-E07A-4573-A187-FB8C40F2B8FC}"
EndProject
Project("{9A19103F-16F7-4668-BE54-9A1E7A4F7556}") = "Net.Chdk.Providers.Software.Product", "..\Net.Chdk.Providers.Software.Product\Net.Chdk.Providers.Software.Product.csproj", "{768720F7-02DC-4F36-81EC-2EEA69253851}"
EndProject
Project("{9A19103F-16F7-4668-BE54-9A1E7A4F7556}") = "Net.Chdk.Providers.Software.Chdk", "..\Net.Chdk.Providers.Software.Chdk\Net.Chdk.Providers.Software.Chdk.csproj", "{456E4166-8058-46B9-AE3B-1AE66365D4FE}"
EndProject
Project("{9A19103F-16F7-4668-BE54-9A1E7A4F7556}") = "Net.Chdk.Providers.Software.Ml", "..\Net.Chdk.Providers.Software.Ml\Net.Chdk.Providers.Software.Ml.csproj", "{C0C422D4-841D-47A6-953A-8D9E1702D954}"
EndProject
Project("{9A19103F-16F7-4668-BE54-9A1E7A4F7556}") = "Net.Chdk.Providers.Software.Sdm", "..\Net.Chdk.Providers.Software.Sdm\Net.Chdk.Providers.Software.Sdm.csproj", "{4F72FF77-D68F-4EBE-A8C1-150C3B13DE4D}"
EndProject
Project("{2150E333-8FDC-42A3-9474-1A3956D46DE8}") = "Software", "Software", "{75160E6A-863B-48DB-8A63-1FBACD8B10D0}"
EndProject
Project("{9A19103F-16F7-4668-BE54-9A1E7A4F7556}") = "Net.Chdk.Detectors.Software.Product", "..\Net.Chdk.Detectors.Software.Product\Net.Chdk.Detectors.Software.Product.csproj", "{BB1EF2D9-C5E3-4B7E-8F73-4E0A602207FF}"
EndProject
Project("{9A19103F-16F7-4668-BE54-9A1E7A4F7556}") = "Net.Chdk.Detectors.Software.Chdk", "..\Net.Chdk.Detectors.Software.Chdk\Net.Chdk.Detectors.Software.Chdk.csproj", "{AB10738E-08D7-4FA8-A4F8-0150CD967AB5}"
EndProject
Project("{9A19103F-16F7-4668-BE54-9A1E7A4F7556}") = "Net.Chdk.Detectors.Software.Fhp", "..\Net.Chdk.Detectors.Software.Fhp\Net.Chdk.Detectors.Software.Fhp.csproj", "{54746D61-F7CE-430F-83A4-332C61CFA209}"
EndProject
Project("{9A19103F-16F7-4668-BE54-9A1E7A4F7556}") = "Net.Chdk.Detectors.Software.Ml", "..\Net.Chdk.Detectors.Software.Ml\Net.Chdk.Detectors.Software.Ml.csproj", "{021AEEC9-FD5D-42BD-BF06-D94E4192F245}"
EndProject
Project("{9A19103F-16F7-4668-BE54-9A1E7A4F7556}") = "Net.Chdk.Detectors.Software.Sdm", "..\Net.Chdk.Detectors.Software.Sdm\Net.Chdk.Detectors.Software.Sdm.csproj", "{49D3FD11-AFFC-41AB-84B9-5C21BCE15AE4}"
EndProject
Project("{2150E333-8FDC-42A3-9474-1A3956D46DE8}") = "Encoders", "Encoders", "{74CBC637-3B6B-4850-A5A3-575E65944DBE}"
EndProject
Project("{2150E333-8FDC-42A3-9474-1A3956D46DE8}") = "Meta", "Meta", "{F29BEDE1-261D-4D75-99A3-A1CFB1F77477}"
EndProject
Project("{2150E333-8FDC-42A3-9474-1A3956D46DE8}") = "Watchers", "Watchers", "{9F9D4523-839E-433D-ADEE-1BE2F87563D6}"
EndProject
Project("{9A19103F-16F7-4668-BE54-9A1E7A4F7556}") = "Net.Chdk.Watchers.Volume.Core", "..\Net.Chdk.Watchers.Volume.Core\Net.Chdk.Watchers.Volume.Core.csproj", "{2F977704-0B2B-4F47-B451-4CBCD03F44BA}"
EndProject
Project("{9A19103F-16F7-4668-BE54-9A1E7A4F7556}") = "Net.Chdk.Watchers.Volume", "..\Net.Chdk.Watchers.Volume\Net.Chdk.Watchers.Volume.csproj", "{EFD93FB0-EDE0-4BAC-BDE1-63E079E2CFF5}"
EndProject
Global
	GlobalSection(SolutionConfigurationPlatforms) = preSolution
		Debug|Any CPU = Debug|Any CPU
		Release|Any CPU = Release|Any CPU
	EndGlobalSection
	GlobalSection(ProjectConfigurationPlatforms) = postSolution
		{3B3D05D1-2FF1-4EFD-86A9-FEB0D9864FD7}.Debug|Any CPU.ActiveCfg = Debug|Any CPU
		{3B3D05D1-2FF1-4EFD-86A9-FEB0D9864FD7}.Debug|Any CPU.Build.0 = Debug|Any CPU
		{3B3D05D1-2FF1-4EFD-86A9-FEB0D9864FD7}.Release|Any CPU.ActiveCfg = Release|Any CPU
		{3B3D05D1-2FF1-4EFD-86A9-FEB0D9864FD7}.Release|Any CPU.Build.0 = Release|Any CPU
		{5C969127-29EA-4882-81A3-86DBAFAE737C}.Debug|Any CPU.ActiveCfg = Debug|Any CPU
		{5C969127-29EA-4882-81A3-86DBAFAE737C}.Debug|Any CPU.Build.0 = Debug|Any CPU
		{5C969127-29EA-4882-81A3-86DBAFAE737C}.Release|Any CPU.ActiveCfg = Release|Any CPU
		{5C969127-29EA-4882-81A3-86DBAFAE737C}.Release|Any CPU.Build.0 = Release|Any CPU
		{FA9447A9-7995-4D07-A203-BD096011B278}.Debug|Any CPU.ActiveCfg = Debug|Any CPU
		{FA9447A9-7995-4D07-A203-BD096011B278}.Debug|Any CPU.Build.0 = Debug|Any CPU
		{FA9447A9-7995-4D07-A203-BD096011B278}.Release|Any CPU.ActiveCfg = Release|Any CPU
		{FA9447A9-7995-4D07-A203-BD096011B278}.Release|Any CPU.Build.0 = Release|Any CPU
		{54A12DB5-2793-46CD-B654-97388F2089DB}.Debug|Any CPU.ActiveCfg = Debug|Any CPU
		{54A12DB5-2793-46CD-B654-97388F2089DB}.Debug|Any CPU.Build.0 = Debug|Any CPU
		{54A12DB5-2793-46CD-B654-97388F2089DB}.Release|Any CPU.ActiveCfg = Release|Any CPU
		{54A12DB5-2793-46CD-B654-97388F2089DB}.Release|Any CPU.Build.0 = Release|Any CPU
		{47325CD8-73CA-4BB4-A408-2A0AE58075A5}.Debug|Any CPU.ActiveCfg = Debug|Any CPU
		{47325CD8-73CA-4BB4-A408-2A0AE58075A5}.Debug|Any CPU.Build.0 = Debug|Any CPU
		{47325CD8-73CA-4BB4-A408-2A0AE58075A5}.Release|Any CPU.ActiveCfg = Release|Any CPU
		{47325CD8-73CA-4BB4-A408-2A0AE58075A5}.Release|Any CPU.Build.0 = Release|Any CPU
		{0831DB18-ED3F-42A8-84BE-605354C30647}.Debug|Any CPU.ActiveCfg = Debug|Any CPU
		{0831DB18-ED3F-42A8-84BE-605354C30647}.Debug|Any CPU.Build.0 = Debug|Any CPU
		{0831DB18-ED3F-42A8-84BE-605354C30647}.Release|Any CPU.ActiveCfg = Release|Any CPU
		{0831DB18-ED3F-42A8-84BE-605354C30647}.Release|Any CPU.Build.0 = Release|Any CPU
		{7EE04F13-B56E-4C8A-B5B6-7DA14C26D5CD}.Debug|Any CPU.ActiveCfg = Debug|Any CPU
		{7EE04F13-B56E-4C8A-B5B6-7DA14C26D5CD}.Debug|Any CPU.Build.0 = Debug|Any CPU
		{7EE04F13-B56E-4C8A-B5B6-7DA14C26D5CD}.Release|Any CPU.ActiveCfg = Release|Any CPU
		{7EE04F13-B56E-4C8A-B5B6-7DA14C26D5CD}.Release|Any CPU.Build.0 = Release|Any CPU
		{4EFEFD95-2AE3-4B1C-8FB1-EADC09CE8E7D}.Debug|Any CPU.ActiveCfg = Debug|Any CPU
		{4EFEFD95-2AE3-4B1C-8FB1-EADC09CE8E7D}.Debug|Any CPU.Build.0 = Debug|Any CPU
		{4EFEFD95-2AE3-4B1C-8FB1-EADC09CE8E7D}.Release|Any CPU.ActiveCfg = Release|Any CPU
		{4EFEFD95-2AE3-4B1C-8FB1-EADC09CE8E7D}.Release|Any CPU.Build.0 = Release|Any CPU
		{ABA76643-8DCB-44D0-B215-8609AD18DBBB}.Debug|Any CPU.ActiveCfg = Debug|Any CPU
		{ABA76643-8DCB-44D0-B215-8609AD18DBBB}.Debug|Any CPU.Build.0 = Debug|Any CPU
		{ABA76643-8DCB-44D0-B215-8609AD18DBBB}.Release|Any CPU.ActiveCfg = Release|Any CPU
		{ABA76643-8DCB-44D0-B215-8609AD18DBBB}.Release|Any CPU.Build.0 = Release|Any CPU
		{45BE7769-6CB9-4FB2-8C54-DF25B3DE2F74}.Debug|Any CPU.ActiveCfg = Debug|Any CPU
		{45BE7769-6CB9-4FB2-8C54-DF25B3DE2F74}.Debug|Any CPU.Build.0 = Debug|Any CPU
		{45BE7769-6CB9-4FB2-8C54-DF25B3DE2F74}.Release|Any CPU.ActiveCfg = Release|Any CPU
		{45BE7769-6CB9-4FB2-8C54-DF25B3DE2F74}.Release|Any CPU.Build.0 = Release|Any CPU
		{C8EDF113-98A9-49E1-9AE3-EE8CB0FAE8D7}.Debug|Any CPU.ActiveCfg = Debug|Any CPU
		{C8EDF113-98A9-49E1-9AE3-EE8CB0FAE8D7}.Debug|Any CPU.Build.0 = Debug|Any CPU
		{C8EDF113-98A9-49E1-9AE3-EE8CB0FAE8D7}.Release|Any CPU.ActiveCfg = Release|Any CPU
		{C8EDF113-98A9-49E1-9AE3-EE8CB0FAE8D7}.Release|Any CPU.Build.0 = Release|Any CPU
		{AD66B45E-5CF8-4E9C-8AE9-0E6D404920D7}.Debug|Any CPU.ActiveCfg = Debug|Any CPU
		{AD66B45E-5CF8-4E9C-8AE9-0E6D404920D7}.Debug|Any CPU.Build.0 = Debug|Any CPU
		{AD66B45E-5CF8-4E9C-8AE9-0E6D404920D7}.Release|Any CPU.ActiveCfg = Release|Any CPU
		{AD66B45E-5CF8-4E9C-8AE9-0E6D404920D7}.Release|Any CPU.Build.0 = Release|Any CPU
		{D7C895A5-5EEA-4CE2-A274-31A05B197503}.Debug|Any CPU.ActiveCfg = Debug|Any CPU
		{D7C895A5-5EEA-4CE2-A274-31A05B197503}.Debug|Any CPU.Build.0 = Debug|Any CPU
		{D7C895A5-5EEA-4CE2-A274-31A05B197503}.Release|Any CPU.ActiveCfg = Release|Any CPU
		{D7C895A5-5EEA-4CE2-A274-31A05B197503}.Release|Any CPU.Build.0 = Release|Any CPU
		{5C186647-9533-410B-81A0-383F29160F66}.Debug|Any CPU.ActiveCfg = Debug|Any CPU
		{5C186647-9533-410B-81A0-383F29160F66}.Debug|Any CPU.Build.0 = Debug|Any CPU
		{5C186647-9533-410B-81A0-383F29160F66}.Release|Any CPU.ActiveCfg = Release|Any CPU
		{5C186647-9533-410B-81A0-383F29160F66}.Release|Any CPU.Build.0 = Release|Any CPU
		{82B1F515-EEB2-41DE-9384-BC7F45AF9AE5}.Debug|Any CPU.ActiveCfg = Debug|Any CPU
		{82B1F515-EEB2-41DE-9384-BC7F45AF9AE5}.Debug|Any CPU.Build.0 = Debug|Any CPU
		{82B1F515-EEB2-41DE-9384-BC7F45AF9AE5}.Release|Any CPU.ActiveCfg = Release|Any CPU
		{82B1F515-EEB2-41DE-9384-BC7F45AF9AE5}.Release|Any CPU.Build.0 = Release|Any CPU
		{69E9787A-CFD5-4BE8-9548-D929AEB3CF4D}.Debug|Any CPU.ActiveCfg = Debug|Any CPU
		{69E9787A-CFD5-4BE8-9548-D929AEB3CF4D}.Debug|Any CPU.Build.0 = Debug|Any CPU
		{69E9787A-CFD5-4BE8-9548-D929AEB3CF4D}.Release|Any CPU.ActiveCfg = Release|Any CPU
		{69E9787A-CFD5-4BE8-9548-D929AEB3CF4D}.Release|Any CPU.Build.0 = Release|Any CPU
		{5D972DE9-25EB-4348-8D9B-D829934B31A4}.Debug|Any CPU.ActiveCfg = Debug|Any CPU
		{5D972DE9-25EB-4348-8D9B-D829934B31A4}.Debug|Any CPU.Build.0 = Debug|Any CPU
		{5D972DE9-25EB-4348-8D9B-D829934B31A4}.Release|Any CPU.ActiveCfg = Release|Any CPU
		{5D972DE9-25EB-4348-8D9B-D829934B31A4}.Release|Any CPU.Build.0 = Release|Any CPU
		{413460B2-1497-4DAA-BF5C-CB0FB0AB34B9}.Debug|Any CPU.ActiveCfg = Debug|Any CPU
		{413460B2-1497-4DAA-BF5C-CB0FB0AB34B9}.Debug|Any CPU.Build.0 = Debug|Any CPU
		{413460B2-1497-4DAA-BF5C-CB0FB0AB34B9}.Release|Any CPU.ActiveCfg = Release|Any CPU
		{413460B2-1497-4DAA-BF5C-CB0FB0AB34B9}.Release|Any CPU.Build.0 = Release|Any CPU
		{CE6E8EF1-14E1-457D-9927-472A49D5A06E}.Debug|Any CPU.ActiveCfg = Debug|Any CPU
		{CE6E8EF1-14E1-457D-9927-472A49D5A06E}.Debug|Any CPU.Build.0 = Debug|Any CPU
		{CE6E8EF1-14E1-457D-9927-472A49D5A06E}.Release|Any CPU.ActiveCfg = Release|Any CPU
		{CE6E8EF1-14E1-457D-9927-472A49D5A06E}.Release|Any CPU.Build.0 = Release|Any CPU
		{BAEF3486-92EF-4179-898B-CAA85244FFDC}.Debug|Any CPU.ActiveCfg = Debug|Any CPU
		{BAEF3486-92EF-4179-898B-CAA85244FFDC}.Debug|Any CPU.Build.0 = Debug|Any CPU
		{BAEF3486-92EF-4179-898B-CAA85244FFDC}.Release|Any CPU.ActiveCfg = Release|Any CPU
		{BAEF3486-92EF-4179-898B-CAA85244FFDC}.Release|Any CPU.Build.0 = Release|Any CPU
		{E92E5696-6B0A-4194-BA96-7D84A1A43F93}.Debug|Any CPU.ActiveCfg = Debug|Any CPU
		{E92E5696-6B0A-4194-BA96-7D84A1A43F93}.Debug|Any CPU.Build.0 = Debug|Any CPU
		{E92E5696-6B0A-4194-BA96-7D84A1A43F93}.Release|Any CPU.ActiveCfg = Release|Any CPU
		{E92E5696-6B0A-4194-BA96-7D84A1A43F93}.Release|Any CPU.Build.0 = Release|Any CPU
		{E95DE6B7-B37D-45E1-BDA8-0272C449146A}.Debug|Any CPU.ActiveCfg = Debug|Any CPU
		{E95DE6B7-B37D-45E1-BDA8-0272C449146A}.Debug|Any CPU.Build.0 = Debug|Any CPU
		{E95DE6B7-B37D-45E1-BDA8-0272C449146A}.Release|Any CPU.ActiveCfg = Release|Any CPU
		{E95DE6B7-B37D-45E1-BDA8-0272C449146A}.Release|Any CPU.Build.0 = Release|Any CPU
		{D1EF0CAA-6672-428E-90EC-410B7DD7355F}.Debug|Any CPU.ActiveCfg = Debug|Any CPU
		{D1EF0CAA-6672-428E-90EC-410B7DD7355F}.Debug|Any CPU.Build.0 = Debug|Any CPU
		{D1EF0CAA-6672-428E-90EC-410B7DD7355F}.Release|Any CPU.ActiveCfg = Release|Any CPU
		{D1EF0CAA-6672-428E-90EC-410B7DD7355F}.Release|Any CPU.Build.0 = Release|Any CPU
		{CF27570D-E86F-40A9-B1A7-69C7493587FC}.Debug|Any CPU.ActiveCfg = Debug|Any CPU
		{CF27570D-E86F-40A9-B1A7-69C7493587FC}.Debug|Any CPU.Build.0 = Debug|Any CPU
		{CF27570D-E86F-40A9-B1A7-69C7493587FC}.Release|Any CPU.ActiveCfg = Release|Any CPU
		{CF27570D-E86F-40A9-B1A7-69C7493587FC}.Release|Any CPU.Build.0 = Release|Any CPU
		{1BD6A320-F08F-46C2-994C-0D419D7CDF03}.Debug|Any CPU.ActiveCfg = Debug|Any CPU
		{1BD6A320-F08F-46C2-994C-0D419D7CDF03}.Debug|Any CPU.Build.0 = Debug|Any CPU
		{1BD6A320-F08F-46C2-994C-0D419D7CDF03}.Release|Any CPU.ActiveCfg = Release|Any CPU
		{1BD6A320-F08F-46C2-994C-0D419D7CDF03}.Release|Any CPU.Build.0 = Release|Any CPU
		{2F1930D9-D3F5-4FA3-A3C9-BB9AAB268FDE}.Debug|Any CPU.ActiveCfg = Debug|Any CPU
		{2F1930D9-D3F5-4FA3-A3C9-BB9AAB268FDE}.Debug|Any CPU.Build.0 = Debug|Any CPU
		{2F1930D9-D3F5-4FA3-A3C9-BB9AAB268FDE}.Release|Any CPU.ActiveCfg = Release|Any CPU
		{2F1930D9-D3F5-4FA3-A3C9-BB9AAB268FDE}.Release|Any CPU.Build.0 = Release|Any CPU
		{1355B19B-44A5-45E0-A078-9B7C18A29E80}.Debug|Any CPU.ActiveCfg = Debug|Any CPU
		{1355B19B-44A5-45E0-A078-9B7C18A29E80}.Debug|Any CPU.Build.0 = Debug|Any CPU
		{1355B19B-44A5-45E0-A078-9B7C18A29E80}.Release|Any CPU.ActiveCfg = Release|Any CPU
		{1355B19B-44A5-45E0-A078-9B7C18A29E80}.Release|Any CPU.Build.0 = Release|Any CPU
		{A88897BE-5F61-4F74-B594-13E2224E950B}.Debug|Any CPU.ActiveCfg = Debug|Any CPU
		{A88897BE-5F61-4F74-B594-13E2224E950B}.Debug|Any CPU.Build.0 = Debug|Any CPU
		{A88897BE-5F61-4F74-B594-13E2224E950B}.Release|Any CPU.ActiveCfg = Release|Any CPU
		{A88897BE-5F61-4F74-B594-13E2224E950B}.Release|Any CPU.Build.0 = Release|Any CPU
		{4B435C11-073A-48D1-A417-E653109AC22F}.Debug|Any CPU.ActiveCfg = Debug|Any CPU
		{4B435C11-073A-48D1-A417-E653109AC22F}.Debug|Any CPU.Build.0 = Debug|Any CPU
		{4B435C11-073A-48D1-A417-E653109AC22F}.Release|Any CPU.ActiveCfg = Release|Any CPU
		{4B435C11-073A-48D1-A417-E653109AC22F}.Release|Any CPU.Build.0 = Release|Any CPU
		{E3E40A2D-F282-475F-AD77-B0F519B66F31}.Debug|Any CPU.ActiveCfg = Debug|Any CPU
		{E3E40A2D-F282-475F-AD77-B0F519B66F31}.Debug|Any CPU.Build.0 = Debug|Any CPU
		{E3E40A2D-F282-475F-AD77-B0F519B66F31}.Release|Any CPU.ActiveCfg = Release|Any CPU
		{E3E40A2D-F282-475F-AD77-B0F519B66F31}.Release|Any CPU.Build.0 = Release|Any CPU
		{8045F755-9D00-4E90-BEBE-C7410FEFF37C}.Debug|Any CPU.ActiveCfg = Debug|Any CPU
		{8045F755-9D00-4E90-BEBE-C7410FEFF37C}.Debug|Any CPU.Build.0 = Debug|Any CPU
		{8045F755-9D00-4E90-BEBE-C7410FEFF37C}.Release|Any CPU.ActiveCfg = Release|Any CPU
		{8045F755-9D00-4E90-BEBE-C7410FEFF37C}.Release|Any CPU.Build.0 = Release|Any CPU
		{0F4A63BE-B6F0-4925-946B-C76DFBC06429}.Debug|Any CPU.ActiveCfg = Debug|Any CPU
		{0F4A63BE-B6F0-4925-946B-C76DFBC06429}.Debug|Any CPU.Build.0 = Debug|Any CPU
		{0F4A63BE-B6F0-4925-946B-C76DFBC06429}.Release|Any CPU.ActiveCfg = Release|Any CPU
		{0F4A63BE-B6F0-4925-946B-C76DFBC06429}.Release|Any CPU.Build.0 = Release|Any CPU
		{000B8972-032B-498D-B977-675922F90DF5}.Debug|Any CPU.ActiveCfg = Debug|Any CPU
		{000B8972-032B-498D-B977-675922F90DF5}.Debug|Any CPU.Build.0 = Debug|Any CPU
		{000B8972-032B-498D-B977-675922F90DF5}.Release|Any CPU.ActiveCfg = Release|Any CPU
		{000B8972-032B-498D-B977-675922F90DF5}.Release|Any CPU.Build.0 = Release|Any CPU
		{8390AAFA-7E78-470E-AABD-6C061E20D485}.Debug|Any CPU.ActiveCfg = Debug|Any CPU
		{8390AAFA-7E78-470E-AABD-6C061E20D485}.Debug|Any CPU.Build.0 = Debug|Any CPU
		{8390AAFA-7E78-470E-AABD-6C061E20D485}.Release|Any CPU.ActiveCfg = Release|Any CPU
		{8390AAFA-7E78-470E-AABD-6C061E20D485}.Release|Any CPU.Build.0 = Release|Any CPU
		{ADC5EFB5-9E37-4BB0-B905-2FF4631AB884}.Debug|Any CPU.ActiveCfg = Debug|Any CPU
		{ADC5EFB5-9E37-4BB0-B905-2FF4631AB884}.Debug|Any CPU.Build.0 = Debug|Any CPU
		{ADC5EFB5-9E37-4BB0-B905-2FF4631AB884}.Release|Any CPU.ActiveCfg = Release|Any CPU
		{ADC5EFB5-9E37-4BB0-B905-2FF4631AB884}.Release|Any CPU.Build.0 = Release|Any CPU
		{A4F3DF60-C032-4571-9BCF-574289435D54}.Debug|Any CPU.ActiveCfg = Debug|Any CPU
		{A4F3DF60-C032-4571-9BCF-574289435D54}.Debug|Any CPU.Build.0 = Debug|Any CPU
		{A4F3DF60-C032-4571-9BCF-574289435D54}.Release|Any CPU.ActiveCfg = Release|Any CPU
		{A4F3DF60-C032-4571-9BCF-574289435D54}.Release|Any CPU.Build.0 = Release|Any CPU
		{EBA6C0DC-238A-455A-B192-745D53EF8B36}.Debug|Any CPU.ActiveCfg = Debug|Any CPU
		{EBA6C0DC-238A-455A-B192-745D53EF8B36}.Debug|Any CPU.Build.0 = Debug|Any CPU
		{EBA6C0DC-238A-455A-B192-745D53EF8B36}.Release|Any CPU.ActiveCfg = Release|Any CPU
		{EBA6C0DC-238A-455A-B192-745D53EF8B36}.Release|Any CPU.Build.0 = Release|Any CPU
		{07F67FCE-79CF-4BB4-83D8-AA225FCCC220}.Debug|Any CPU.ActiveCfg = Debug|Any CPU
		{07F67FCE-79CF-4BB4-83D8-AA225FCCC220}.Debug|Any CPU.Build.0 = Debug|Any CPU
		{07F67FCE-79CF-4BB4-83D8-AA225FCCC220}.Release|Any CPU.ActiveCfg = Release|Any CPU
		{07F67FCE-79CF-4BB4-83D8-AA225FCCC220}.Release|Any CPU.Build.0 = Release|Any CPU
		{768720F7-02DC-4F36-81EC-2EEA69253851}.Debug|Any CPU.ActiveCfg = Debug|Any CPU
		{768720F7-02DC-4F36-81EC-2EEA69253851}.Debug|Any CPU.Build.0 = Debug|Any CPU
		{768720F7-02DC-4F36-81EC-2EEA69253851}.Release|Any CPU.ActiveCfg = Release|Any CPU
		{768720F7-02DC-4F36-81EC-2EEA69253851}.Release|Any CPU.Build.0 = Release|Any CPU
		{456E4166-8058-46B9-AE3B-1AE66365D4FE}.Debug|Any CPU.ActiveCfg = Debug|Any CPU
		{456E4166-8058-46B9-AE3B-1AE66365D4FE}.Debug|Any CPU.Build.0 = Debug|Any CPU
		{456E4166-8058-46B9-AE3B-1AE66365D4FE}.Release|Any CPU.ActiveCfg = Release|Any CPU
		{456E4166-8058-46B9-AE3B-1AE66365D4FE}.Release|Any CPU.Build.0 = Release|Any CPU
		{C0C422D4-841D-47A6-953A-8D9E1702D954}.Debug|Any CPU.ActiveCfg = Debug|Any CPU
		{C0C422D4-841D-47A6-953A-8D9E1702D954}.Debug|Any CPU.Build.0 = Debug|Any CPU
		{C0C422D4-841D-47A6-953A-8D9E1702D954}.Release|Any CPU.ActiveCfg = Release|Any CPU
		{C0C422D4-841D-47A6-953A-8D9E1702D954}.Release|Any CPU.Build.0 = Release|Any CPU
		{4F72FF77-D68F-4EBE-A8C1-150C3B13DE4D}.Debug|Any CPU.ActiveCfg = Debug|Any CPU
		{4F72FF77-D68F-4EBE-A8C1-150C3B13DE4D}.Debug|Any CPU.Build.0 = Debug|Any CPU
		{4F72FF77-D68F-4EBE-A8C1-150C3B13DE4D}.Release|Any CPU.ActiveCfg = Release|Any CPU
		{4F72FF77-D68F-4EBE-A8C1-150C3B13DE4D}.Release|Any CPU.Build.0 = Release|Any CPU
		{BB1EF2D9-C5E3-4B7E-8F73-4E0A602207FF}.Debug|Any CPU.ActiveCfg = Debug|Any CPU
		{BB1EF2D9-C5E3-4B7E-8F73-4E0A602207FF}.Debug|Any CPU.Build.0 = Debug|Any CPU
		{BB1EF2D9-C5E3-4B7E-8F73-4E0A602207FF}.Release|Any CPU.ActiveCfg = Release|Any CPU
		{BB1EF2D9-C5E3-4B7E-8F73-4E0A602207FF}.Release|Any CPU.Build.0 = Release|Any CPU
		{AB10738E-08D7-4FA8-A4F8-0150CD967AB5}.Debug|Any CPU.ActiveCfg = Debug|Any CPU
		{AB10738E-08D7-4FA8-A4F8-0150CD967AB5}.Debug|Any CPU.Build.0 = Debug|Any CPU
		{AB10738E-08D7-4FA8-A4F8-0150CD967AB5}.Release|Any CPU.ActiveCfg = Release|Any CPU
		{AB10738E-08D7-4FA8-A4F8-0150CD967AB5}.Release|Any CPU.Build.0 = Release|Any CPU
		{54746D61-F7CE-430F-83A4-332C61CFA209}.Debug|Any CPU.ActiveCfg = Debug|Any CPU
		{54746D61-F7CE-430F-83A4-332C61CFA209}.Debug|Any CPU.Build.0 = Debug|Any CPU
		{54746D61-F7CE-430F-83A4-332C61CFA209}.Release|Any CPU.ActiveCfg = Release|Any CPU
		{54746D61-F7CE-430F-83A4-332C61CFA209}.Release|Any CPU.Build.0 = Release|Any CPU
		{021AEEC9-FD5D-42BD-BF06-D94E4192F245}.Debug|Any CPU.ActiveCfg = Debug|Any CPU
		{021AEEC9-FD5D-42BD-BF06-D94E4192F245}.Debug|Any CPU.Build.0 = Debug|Any CPU
		{021AEEC9-FD5D-42BD-BF06-D94E4192F245}.Release|Any CPU.ActiveCfg = Release|Any CPU
		{021AEEC9-FD5D-42BD-BF06-D94E4192F245}.Release|Any CPU.Build.0 = Release|Any CPU
		{49D3FD11-AFFC-41AB-84B9-5C21BCE15AE4}.Debug|Any CPU.ActiveCfg = Debug|Any CPU
		{49D3FD11-AFFC-41AB-84B9-5C21BCE15AE4}.Debug|Any CPU.Build.0 = Debug|Any CPU
		{49D3FD11-AFFC-41AB-84B9-5C21BCE15AE4}.Release|Any CPU.ActiveCfg = Release|Any CPU
		{49D3FD11-AFFC-41AB-84B9-5C21BCE15AE4}.Release|Any CPU.Build.0 = Release|Any CPU
		{2F977704-0B2B-4F47-B451-4CBCD03F44BA}.Debug|Any CPU.ActiveCfg = Debug|Any CPU
		{2F977704-0B2B-4F47-B451-4CBCD03F44BA}.Debug|Any CPU.Build.0 = Debug|Any CPU
		{2F977704-0B2B-4F47-B451-4CBCD03F44BA}.Release|Any CPU.ActiveCfg = Release|Any CPU
		{2F977704-0B2B-4F47-B451-4CBCD03F44BA}.Release|Any CPU.Build.0 = Release|Any CPU
		{EFD93FB0-EDE0-4BAC-BDE1-63E079E2CFF5}.Debug|Any CPU.ActiveCfg = Debug|Any CPU
		{EFD93FB0-EDE0-4BAC-BDE1-63E079E2CFF5}.Debug|Any CPU.Build.0 = Debug|Any CPU
		{EFD93FB0-EDE0-4BAC-BDE1-63E079E2CFF5}.Release|Any CPU.ActiveCfg = Release|Any CPU
		{EFD93FB0-EDE0-4BAC-BDE1-63E079E2CFF5}.Release|Any CPU.Build.0 = Release|Any CPU
	EndGlobalSection
	GlobalSection(SolutionProperties) = preSolution
		HideSolutionNode = FALSE
	EndGlobalSection
	GlobalSection(NestedProjects) = preSolution
		{5C969127-29EA-4882-81A3-86DBAFAE737C} = {D38FD57B-B73F-456F-869F-2AD1B3B505F5}
		{54A12DB5-2793-46CD-B654-97388F2089DB} = {5E45B966-DEE7-45D5-B999-2D38DAA631B3}
		{47325CD8-73CA-4BB4-A408-2A0AE58075A5} = {D38FD57B-B73F-456F-869F-2AD1B3B505F5}
		{0831DB18-ED3F-42A8-84BE-605354C30647} = {5E45B966-DEE7-45D5-B999-2D38DAA631B3}
		{7EE04F13-B56E-4C8A-B5B6-7DA14C26D5CD} = {5E45B966-DEE7-45D5-B999-2D38DAA631B3}
		{ABA76643-8DCB-44D0-B215-8609AD18DBBB} = {5F6E656A-6F7F-484B-88CA-87BB894C423B}
		{45BE7769-6CB9-4FB2-8C54-DF25B3DE2F74} = {D38FD57B-B73F-456F-869F-2AD1B3B505F5}
		{C8EDF113-98A9-49E1-9AE3-EE8CB0FAE8D7} = {5E45B966-DEE7-45D5-B999-2D38DAA631B3}
		{AD66B45E-5CF8-4E9C-8AE9-0E6D404920D7} = {D38FD57B-B73F-456F-869F-2AD1B3B505F5}
		{D7C895A5-5EEA-4CE2-A274-31A05B197503} = {D38FD57B-B73F-456F-869F-2AD1B3B505F5}
		{5C186647-9533-410B-81A0-383F29160F66} = {5E45B966-DEE7-45D5-B999-2D38DAA631B3}
		{82B1F515-EEB2-41DE-9384-BC7F45AF9AE5} = {C89E664D-D336-46CC-A926-3C8DCDD03938}
		{69E9787A-CFD5-4BE8-9548-D929AEB3CF4D} = {C89E664D-D336-46CC-A926-3C8DCDD03938}
		{5D972DE9-25EB-4348-8D9B-D829934B31A4} = {C89E664D-D336-46CC-A926-3C8DCDD03938}
		{413460B2-1497-4DAA-BF5C-CB0FB0AB34B9} = {F29BEDE1-261D-4D75-99A3-A1CFB1F77477}
		{CE6E8EF1-14E1-457D-9927-472A49D5A06E} = {F29BEDE1-261D-4D75-99A3-A1CFB1F77477}
		{BAEF3486-92EF-4179-898B-CAA85244FFDC} = {F29BEDE1-261D-4D75-99A3-A1CFB1F77477}
		{E92E5696-6B0A-4194-BA96-7D84A1A43F93} = {C89E664D-D336-46CC-A926-3C8DCDD03938}
		{E95DE6B7-B37D-45E1-BDA8-0272C449146A} = {5E45B966-DEE7-45D5-B999-2D38DAA631B3}
		{D1EF0CAA-6672-428E-90EC-410B7DD7355F} = {5E45B966-DEE7-45D5-B999-2D38DAA631B3}
		{CF27570D-E86F-40A9-B1A7-69C7493587FC} = {75160E6A-863B-48DB-8A63-1FBACD8B10D0}
		{1BD6A320-F08F-46C2-994C-0D419D7CDF03} = {75160E6A-863B-48DB-8A63-1FBACD8B10D0}
		{2F1930D9-D3F5-4FA3-A3C9-BB9AAB268FDE} = {74CBC637-3B6B-4850-A5A3-575E65944DBE}
		{1355B19B-44A5-45E0-A078-9B7C18A29E80} = {74CBC637-3B6B-4850-A5A3-575E65944DBE}
		{A88897BE-5F61-4F74-B594-13E2224E950B} = {C89E664D-D336-46CC-A926-3C8DCDD03938}
		{4B435C11-073A-48D1-A417-E653109AC22F} = {C89E664D-D336-46CC-A926-3C8DCDD03938}
		{E3E40A2D-F282-475F-AD77-B0F519B66F31} = {C89E664D-D336-46CC-A926-3C8DCDD03938}
		{8045F755-9D00-4E90-BEBE-C7410FEFF37C} = {2575AF3E-E07A-4573-A187-FB8C40F2B8FC}
		{0F4A63BE-B6F0-4925-946B-C76DFBC06429} = {2575AF3E-E07A-4573-A187-FB8C40F2B8FC}
		{000B8972-032B-498D-B977-675922F90DF5} = {C89E664D-D336-46CC-A926-3C8DCDD03938}
		{8390AAFA-7E78-470E-AABD-6C061E20D485} = {C89E664D-D336-46CC-A926-3C8DCDD03938}
		{ADC5EFB5-9E37-4BB0-B905-2FF4631AB884} = {C89E664D-D336-46CC-A926-3C8DCDD03938}
		{A4F3DF60-C032-4571-9BCF-574289435D54} = {C89E664D-D336-46CC-A926-3C8DCDD03938}
		{EBA6C0DC-238A-455A-B192-745D53EF8B36} = {5F6E656A-6F7F-484B-88CA-87BB894C423B}
		{07F67FCE-79CF-4BB4-83D8-AA225FCCC220} = {5F6E656A-6F7F-484B-88CA-87BB894C423B}
		{2575AF3E-E07A-4573-A187-FB8C40F2B8FC} = {C89E664D-D336-46CC-A926-3C8DCDD03938}
		{768720F7-02DC-4F36-81EC-2EEA69253851} = {2575AF3E-E07A-4573-A187-FB8C40F2B8FC}
		{456E4166-8058-46B9-AE3B-1AE66365D4FE} = {2575AF3E-E07A-4573-A187-FB8C40F2B8FC}
		{C0C422D4-841D-47A6-953A-8D9E1702D954} = {2575AF3E-E07A-4573-A187-FB8C40F2B8FC}
		{4F72FF77-D68F-4EBE-A8C1-150C3B13DE4D} = {2575AF3E-E07A-4573-A187-FB8C40F2B8FC}
		{75160E6A-863B-48DB-8A63-1FBACD8B10D0} = {5E45B966-DEE7-45D5-B999-2D38DAA631B3}
		{BB1EF2D9-C5E3-4B7E-8F73-4E0A602207FF} = {75160E6A-863B-48DB-8A63-1FBACD8B10D0}
		{AB10738E-08D7-4FA8-A4F8-0150CD967AB5} = {75160E6A-863B-48DB-8A63-1FBACD8B10D0}
		{54746D61-F7CE-430F-83A4-332C61CFA209} = {75160E6A-863B-48DB-8A63-1FBACD8B10D0}
		{021AEEC9-FD5D-42BD-BF06-D94E4192F245} = {75160E6A-863B-48DB-8A63-1FBACD8B10D0}
		{49D3FD11-AFFC-41AB-84B9-5C21BCE15AE4} = {75160E6A-863B-48DB-8A63-1FBACD8B10D0}
		{F29BEDE1-261D-4D75-99A3-A1CFB1F77477} = {D38FD57B-B73F-456F-869F-2AD1B3B505F5}
		{2F977704-0B2B-4F47-B451-4CBCD03F44BA} = {9F9D4523-839E-433D-ADEE-1BE2F87563D6}
		{EFD93FB0-EDE0-4BAC-BDE1-63E079E2CFF5} = {9F9D4523-839E-433D-ADEE-1BE2F87563D6}
	EndGlobalSection
	GlobalSection(ExtensibilityGlobals) = postSolution
		SolutionGuid = {5EAE1EB1-5100-45E3-8C04-883C294FC191}
	EndGlobalSection
EndGlobal
