
Microsoft Visual Studio Solution File, Format Version 12.00
# Visual Studio Version 16
VisualStudioVersion = 16.0.29209.62
MinimumVisualStudioVersion = 10.0.40219.1
Project("{9A19103F-16F7-4668-BE54-9A1E7A4F7556}") = "SdmSoftwareMetaGenerator", "SdmSoftwareMetaGenerator.csproj", "{F158E536-1016-460B-B421-78F9EAF5594E}"
EndProject
Project("{9A19103F-16F7-4668-BE54-9A1E7A4F7556}") = "Net.Chdk.Meta.Providers", "..\Net.Chdk.Meta.Providers\Net.Chdk.Meta.Providers.csproj", "{A5E8703B-F910-4172-91AF-0725E8B2742D}"
EndProject
Project("{9A19103F-16F7-4668-BE54-9A1E7A4F7556}") = "Net.Chdk.Meta.Providers.Sdm", "..\Net.Chdk.Meta.Providers.Sdm\Net.Chdk.Meta.Providers.Sdm.csproj", "{0CCA0DC5-B88E-4093-8EC0-42382E014369}"
EndProject
Project("{9A19103F-16F7-4668-BE54-9A1E7A4F7556}") = "Net.Chdk.Meta.Providers.Base", "..\Net.Chdk.Meta.Providers.Base\Net.Chdk.Meta.Providers.Base.csproj", "{62B59A6B-0B6B-49D5-8D80-86130B02F286}"
EndProject
Project("{9A19103F-16F7-4668-BE54-9A1E7A4F7556}") = "Net.Chdk.Meta.Providers.Core", "..\Net.Chdk.Meta.Providers.Core\Net.Chdk.Meta.Providers.Core.csproj", "{2A31A3A0-AA75-4212-8336-1CC4047F6D04}"
EndProject
Project("{9A19103F-16F7-4668-BE54-9A1E7A4F7556}") = "Net.Chdk.Meta.Providers.Software.Core", "..\Net.Chdk.Meta.Providers.Software.Core\Net.Chdk.Meta.Providers.Software.Core.csproj", "{76ECE0C6-1DD3-4F5F-9BB0-5907B90339F2}"
EndProject
Project("{9A19103F-16F7-4668-BE54-9A1E7A4F7556}") = "Net.Chdk.Meta.Providers.Software", "..\Net.Chdk.Meta.Providers.Software\Net.Chdk.Meta.Providers.Software.csproj", "{94314BDF-5292-48E5-8E0E-BFB4E850B860}"
EndProject
Project("{9A19103F-16F7-4668-BE54-9A1E7A4F7556}") = "Net.Chdk.Meta.Providers.Software.Zip", "..\Net.Chdk.Meta.Providers.Software.Zip\Net.Chdk.Meta.Providers.Software.Zip.csproj", "{646BBAD6-75AA-4858-B4A6-8665AE59A322}"
EndProject
Project("{9A19103F-16F7-4668-BE54-9A1E7A4F7556}") = "Net.Chdk.Meta.Providers.Zip", "..\Net.Chdk.Meta.Providers.Zip\Net.Chdk.Meta.Providers.Zip.csproj", "{0BF2390C-C1FF-4CD7-B63B-69C7E7CFA7E5}"
EndProject
Project("{9A19103F-16F7-4668-BE54-9A1E7A4F7556}") = "Net.Chdk.Meta.Providers.Software.Sdm", "..\Net.Chdk.Meta.Providers.Software.Sdm\Net.Chdk.Meta.Providers.Software.Sdm.csproj", "{9AA2BE3F-08D7-4EFF-BA54-8064145104F8}"
EndProject
Project("{9A19103F-16F7-4668-BE54-9A1E7A4F7556}") = "Net.Chdk.Meta.Writers.Software.Core", "..\Net.Chdk.Meta.Writers.Software.Core\Net.Chdk.Meta.Writers.Software.Core.csproj", "{4FF7D6A7-7CB0-403C-ADDF-E66A7AF2B49F}"
EndProject
Project("{9A19103F-16F7-4668-BE54-9A1E7A4F7556}") = "Net.Chdk.Meta.Writers.Json", "..\Net.Chdk.Meta.Writers.Json\Net.Chdk.Meta.Writers.Json.csproj", "{E3F7317A-29B3-430A-96D7-1EA5308D7DE2}"
EndProject
Project("{9A19103F-16F7-4668-BE54-9A1E7A4F7556}") = "Net.Chdk.Meta.Writers.Software.Json", "..\Net.Chdk.Meta.Writers.Software.Json\Net.Chdk.Meta.Writers.Software.Json.csproj", "{53E941F6-3031-4F97-8AE0-CF4C2BAC4A37}"
EndProject
Project("{2150E333-8FDC-42A3-9474-1A3956D46DE8}") = "Providers", "Providers", "{F7931588-402F-4DE8-B936-E9331CB93049}"
EndProject
Project("{2150E333-8FDC-42A3-9474-1A3956D46DE8}") = "Writers", "Writers", "{FBD1B069-C8E1-4E66-89D0-45ABF39B84AA}"
EndProject
Project("{9A19103F-16F7-4668-BE54-9A1E7A4F7556}") = "Net.Chdk.Core", "..\Net.Chdk.Core\Net.Chdk.Core.csproj", "{E5109E14-AB32-4BB4-94A2-3C4A00853A07}"
EndProject
Project("{9A19103F-16F7-4668-BE54-9A1E7A4F7556}") = "Net.Chdk.Providers.Base", "..\Net.Chdk.Providers.Base\Net.Chdk.Providers.Base.csproj", "{9178B491-857B-4BFF-B239-F8D1E08A5D6F}"
EndProject
Project("{2150E333-8FDC-42A3-9474-1A3956D46DE8}") = "Meta", "Meta", "{6F6DE0FB-441C-4931-B2F2-03A3FE2A860B}"
EndProject
Project("{9A19103F-16F7-4668-BE54-9A1E7A4F7556}") = "Net.Chdk.Providers.Boot.Core", "..\Net.Chdk.Providers.Boot.Core\Net.Chdk.Providers.Boot.Core.csproj", "{7D981A47-F752-4FF9-8B62-18A19F3870F4}"
EndProject
Project("{9A19103F-16F7-4668-BE54-9A1E7A4F7556}") = "Net.Chdk.Providers.Boot", "..\Net.Chdk.Providers.Boot\Net.Chdk.Providers.Boot.csproj", "{D0B585E6-C656-44C5-986E-92D8E369F9AB}"
EndProject
Project("{9A19103F-16F7-4668-BE54-9A1E7A4F7556}") = "Net.Chdk.Providers.Product.Core", "..\Net.Chdk.Providers.Product.Core\Net.Chdk.Providers.Product.Core.csproj", "{1688DCD7-C062-41B5-900A-E41C3256D0EE}"
EndProject
Project("{9A19103F-16F7-4668-BE54-9A1E7A4F7556}") = "Net.Chdk.Providers.Product", "..\Net.Chdk.Providers.Product\Net.Chdk.Providers.Product.csproj", "{31B662CD-19D7-4FC0-9BB4-9E235F369D14}"
EndProject
Project("{9A19103F-16F7-4668-BE54-9A1E7A4F7556}") = "Net.Chdk.Model.Software", "..\Net.Chdk.Model.Software\Net.Chdk.Model.Software.csproj", "{B5F1825F-9803-40DC-AF52-F135741F7D35}"
EndProject
Project("{9A19103F-16F7-4668-BE54-9A1E7A4F7556}") = "Net.Chdk.Model.Category", "..\Net.Chdk.Model.Category\Net.Chdk.Model.Category.csproj", "{9E6486EA-6116-4C7F-A4E7-B3CC451B17E6}"
EndProject
Project("{9A19103F-16F7-4668-BE54-9A1E7A4F7556}") = "Net.Chdk.Json", "..\Net.Chdk.Json\Net.Chdk.Json.csproj", "{62802829-32C8-4FE1-8DEB-07DB5864C61F}"
EndProject
Project("{2150E333-8FDC-42A3-9474-1A3956D46DE8}") = "Model", "Model", "{C2C2B252-9675-4F5E-8DEE-A854F78DFC38}"
EndProject
Project("{9A19103F-16F7-4668-BE54-9A1E7A4F7556}") = "Net.Chdk.Providers.Software.Core", "..\Net.Chdk.Providers.Software.Core\Net.Chdk.Providers.Software.Core.csproj", "{2FBE5282-B13C-483A-BA64-17A8DDDFD2FD}"
EndProject
Project("{9A19103F-16F7-4668-BE54-9A1E7A4F7556}") = "Net.Chdk.Providers.Software", "..\Net.Chdk.Providers.Software\Net.Chdk.Providers.Software.csproj", "{F5D0F998-765A-4517-9BE9-24BDFE871BA2}"
EndProject
Project("{9A19103F-16F7-4668-BE54-9A1E7A4F7556}") = "Net.Chdk.Providers.Crypto.Core", "..\Net.Chdk.Providers.Crypto.Core\Net.Chdk.Providers.Crypto.Core.csproj", "{7A631A9E-4769-4E20-AF68-BBC7FABFBEC0}"
EndProject
Project("{9A19103F-16F7-4668-BE54-9A1E7A4F7556}") = "Net.Chdk.Providers.Crypto", "..\Net.Chdk.Providers.Crypto\Net.Chdk.Providers.Crypto.csproj", "{15FF4EA1-34F6-4092-9596-10F4262EF636}"
EndProject
Project("{9A19103F-16F7-4668-BE54-9A1E7A4F7556}") = "Net.Chdk.Providers.Software.Sdm", "..\Net.Chdk.Providers.Software.Sdm\Net.Chdk.Providers.Software.Sdm.csproj", "{21EDDA8B-4E32-4B0C-8410-99C1DE718594}"
EndProject
Project("{9A19103F-16F7-4668-BE54-9A1E7A4F7556}") = "Net.Chdk.Providers.Software.Product", "..\Net.Chdk.Providers.Software.Product\Net.Chdk.Providers.Software.Product.csproj", "{32DDDE09-CCB7-4C0B-9006-2EFEA3BED908}"
EndProject
Project("{2150E333-8FDC-42A3-9474-1A3956D46DE8}") = "Boot", "Boot", "{9FE99789-B26D-4532-A1A8-ABFB2BBF7921}"
EndProject
Project("{2150E333-8FDC-42A3-9474-1A3956D46DE8}") = "Crypto", "Crypto", "{11E71E3E-DB33-4706-A498-BAFA0AE00B8E}"
EndProject
Project("{2150E333-8FDC-42A3-9474-1A3956D46DE8}") = "Product", "Product", "{01AB2F9F-F4FC-4EC9-996B-F678BC1A081F}"
EndProject
Project("{2150E333-8FDC-42A3-9474-1A3956D46DE8}") = "Software", "Software", "{2B29F3DB-12C2-492F-885F-F84C1A12149B}"
EndProject
Global
	GlobalSection(SolutionConfigurationPlatforms) = preSolution
		Debug|Any CPU = Debug|Any CPU
		Release|Any CPU = Release|Any CPU
	EndGlobalSection
	GlobalSection(ProjectConfigurationPlatforms) = postSolution
		{F158E536-1016-460B-B421-78F9EAF5594E}.Debug|Any CPU.ActiveCfg = Debug|Any CPU
		{F158E536-1016-460B-B421-78F9EAF5594E}.Debug|Any CPU.Build.0 = Debug|Any CPU
		{F158E536-1016-460B-B421-78F9EAF5594E}.Release|Any CPU.ActiveCfg = Release|Any CPU
		{F158E536-1016-460B-B421-78F9EAF5594E}.Release|Any CPU.Build.0 = Release|Any CPU
		{A5E8703B-F910-4172-91AF-0725E8B2742D}.Debug|Any CPU.ActiveCfg = Debug|Any CPU
		{A5E8703B-F910-4172-91AF-0725E8B2742D}.Debug|Any CPU.Build.0 = Debug|Any CPU
		{A5E8703B-F910-4172-91AF-0725E8B2742D}.Release|Any CPU.ActiveCfg = Release|Any CPU
		{A5E8703B-F910-4172-91AF-0725E8B2742D}.Release|Any CPU.Build.0 = Release|Any CPU
		{0CCA0DC5-B88E-4093-8EC0-42382E014369}.Debug|Any CPU.ActiveCfg = Debug|Any CPU
		{0CCA0DC5-B88E-4093-8EC0-42382E014369}.Debug|Any CPU.Build.0 = Debug|Any CPU
		{0CCA0DC5-B88E-4093-8EC0-42382E014369}.Release|Any CPU.ActiveCfg = Release|Any CPU
		{0CCA0DC5-B88E-4093-8EC0-42382E014369}.Release|Any CPU.Build.0 = Release|Any CPU
		{62B59A6B-0B6B-49D5-8D80-86130B02F286}.Debug|Any CPU.ActiveCfg = Debug|Any CPU
		{62B59A6B-0B6B-49D5-8D80-86130B02F286}.Debug|Any CPU.Build.0 = Debug|Any CPU
		{62B59A6B-0B6B-49D5-8D80-86130B02F286}.Release|Any CPU.ActiveCfg = Release|Any CPU
		{62B59A6B-0B6B-49D5-8D80-86130B02F286}.Release|Any CPU.Build.0 = Release|Any CPU
		{2A31A3A0-AA75-4212-8336-1CC4047F6D04}.Debug|Any CPU.ActiveCfg = Debug|Any CPU
		{2A31A3A0-AA75-4212-8336-1CC4047F6D04}.Debug|Any CPU.Build.0 = Debug|Any CPU
		{2A31A3A0-AA75-4212-8336-1CC4047F6D04}.Release|Any CPU.ActiveCfg = Release|Any CPU
		{2A31A3A0-AA75-4212-8336-1CC4047F6D04}.Release|Any CPU.Build.0 = Release|Any CPU
		{76ECE0C6-1DD3-4F5F-9BB0-5907B90339F2}.Debug|Any CPU.ActiveCfg = Debug|Any CPU
		{76ECE0C6-1DD3-4F5F-9BB0-5907B90339F2}.Debug|Any CPU.Build.0 = Debug|Any CPU
		{76ECE0C6-1DD3-4F5F-9BB0-5907B90339F2}.Release|Any CPU.ActiveCfg = Release|Any CPU
		{76ECE0C6-1DD3-4F5F-9BB0-5907B90339F2}.Release|Any CPU.Build.0 = Release|Any CPU
		{94314BDF-5292-48E5-8E0E-BFB4E850B860}.Debug|Any CPU.ActiveCfg = Debug|Any CPU
		{94314BDF-5292-48E5-8E0E-BFB4E850B860}.Debug|Any CPU.Build.0 = Debug|Any CPU
		{94314BDF-5292-48E5-8E0E-BFB4E850B860}.Release|Any CPU.ActiveCfg = Release|Any CPU
		{94314BDF-5292-48E5-8E0E-BFB4E850B860}.Release|Any CPU.Build.0 = Release|Any CPU
		{646BBAD6-75AA-4858-B4A6-8665AE59A322}.Debug|Any CPU.ActiveCfg = Debug|Any CPU
		{646BBAD6-75AA-4858-B4A6-8665AE59A322}.Debug|Any CPU.Build.0 = Debug|Any CPU
		{646BBAD6-75AA-4858-B4A6-8665AE59A322}.Release|Any CPU.ActiveCfg = Release|Any CPU
		{646BBAD6-75AA-4858-B4A6-8665AE59A322}.Release|Any CPU.Build.0 = Release|Any CPU
		{0BF2390C-C1FF-4CD7-B63B-69C7E7CFA7E5}.Debug|Any CPU.ActiveCfg = Debug|Any CPU
		{0BF2390C-C1FF-4CD7-B63B-69C7E7CFA7E5}.Debug|Any CPU.Build.0 = Debug|Any CPU
		{0BF2390C-C1FF-4CD7-B63B-69C7E7CFA7E5}.Release|Any CPU.ActiveCfg = Release|Any CPU
		{0BF2390C-C1FF-4CD7-B63B-69C7E7CFA7E5}.Release|Any CPU.Build.0 = Release|Any CPU
		{9AA2BE3F-08D7-4EFF-BA54-8064145104F8}.Debug|Any CPU.ActiveCfg = Debug|Any CPU
		{9AA2BE3F-08D7-4EFF-BA54-8064145104F8}.Debug|Any CPU.Build.0 = Debug|Any CPU
		{9AA2BE3F-08D7-4EFF-BA54-8064145104F8}.Release|Any CPU.ActiveCfg = Release|Any CPU
		{9AA2BE3F-08D7-4EFF-BA54-8064145104F8}.Release|Any CPU.Build.0 = Release|Any CPU
		{4FF7D6A7-7CB0-403C-ADDF-E66A7AF2B49F}.Debug|Any CPU.ActiveCfg = Debug|Any CPU
		{4FF7D6A7-7CB0-403C-ADDF-E66A7AF2B49F}.Debug|Any CPU.Build.0 = Debug|Any CPU
		{4FF7D6A7-7CB0-403C-ADDF-E66A7AF2B49F}.Release|Any CPU.ActiveCfg = Release|Any CPU
		{4FF7D6A7-7CB0-403C-ADDF-E66A7AF2B49F}.Release|Any CPU.Build.0 = Release|Any CPU
		{E3F7317A-29B3-430A-96D7-1EA5308D7DE2}.Debug|Any CPU.ActiveCfg = Debug|Any CPU
		{E3F7317A-29B3-430A-96D7-1EA5308D7DE2}.Debug|Any CPU.Build.0 = Debug|Any CPU
		{E3F7317A-29B3-430A-96D7-1EA5308D7DE2}.Release|Any CPU.ActiveCfg = Release|Any CPU
		{E3F7317A-29B3-430A-96D7-1EA5308D7DE2}.Release|Any CPU.Build.0 = Release|Any CPU
		{53E941F6-3031-4F97-8AE0-CF4C2BAC4A37}.Debug|Any CPU.ActiveCfg = Debug|Any CPU
		{53E941F6-3031-4F97-8AE0-CF4C2BAC4A37}.Debug|Any CPU.Build.0 = Debug|Any CPU
		{53E941F6-3031-4F97-8AE0-CF4C2BAC4A37}.Release|Any CPU.ActiveCfg = Release|Any CPU
		{53E941F6-3031-4F97-8AE0-CF4C2BAC4A37}.Release|Any CPU.Build.0 = Release|Any CPU
		{E5109E14-AB32-4BB4-94A2-3C4A00853A07}.Debug|Any CPU.ActiveCfg = Debug|Any CPU
		{E5109E14-AB32-4BB4-94A2-3C4A00853A07}.Debug|Any CPU.Build.0 = Debug|Any CPU
		{E5109E14-AB32-4BB4-94A2-3C4A00853A07}.Release|Any CPU.ActiveCfg = Release|Any CPU
		{E5109E14-AB32-4BB4-94A2-3C4A00853A07}.Release|Any CPU.Build.0 = Release|Any CPU
		{9178B491-857B-4BFF-B239-F8D1E08A5D6F}.Debug|Any CPU.ActiveCfg = Debug|Any CPU
		{9178B491-857B-4BFF-B239-F8D1E08A5D6F}.Debug|Any CPU.Build.0 = Debug|Any CPU
		{9178B491-857B-4BFF-B239-F8D1E08A5D6F}.Release|Any CPU.ActiveCfg = Release|Any CPU
		{9178B491-857B-4BFF-B239-F8D1E08A5D6F}.Release|Any CPU.Build.0 = Release|Any CPU
		{7D981A47-F752-4FF9-8B62-18A19F3870F4}.Debug|Any CPU.ActiveCfg = Debug|Any CPU
		{7D981A47-F752-4FF9-8B62-18A19F3870F4}.Debug|Any CPU.Build.0 = Debug|Any CPU
		{7D981A47-F752-4FF9-8B62-18A19F3870F4}.Release|Any CPU.ActiveCfg = Release|Any CPU
		{7D981A47-F752-4FF9-8B62-18A19F3870F4}.Release|Any CPU.Build.0 = Release|Any CPU
		{D0B585E6-C656-44C5-986E-92D8E369F9AB}.Debug|Any CPU.ActiveCfg = Debug|Any CPU
		{D0B585E6-C656-44C5-986E-92D8E369F9AB}.Debug|Any CPU.Build.0 = Debug|Any CPU
		{D0B585E6-C656-44C5-986E-92D8E369F9AB}.Release|Any CPU.ActiveCfg = Release|Any CPU
		{D0B585E6-C656-44C5-986E-92D8E369F9AB}.Release|Any CPU.Build.0 = Release|Any CPU
		{1688DCD7-C062-41B5-900A-E41C3256D0EE}.Debug|Any CPU.ActiveCfg = Debug|Any CPU
		{1688DCD7-C062-41B5-900A-E41C3256D0EE}.Debug|Any CPU.Build.0 = Debug|Any CPU
		{1688DCD7-C062-41B5-900A-E41C3256D0EE}.Release|Any CPU.ActiveCfg = Release|Any CPU
		{1688DCD7-C062-41B5-900A-E41C3256D0EE}.Release|Any CPU.Build.0 = Release|Any CPU
		{31B662CD-19D7-4FC0-9BB4-9E235F369D14}.Debug|Any CPU.ActiveCfg = Debug|Any CPU
		{31B662CD-19D7-4FC0-9BB4-9E235F369D14}.Debug|Any CPU.Build.0 = Debug|Any CPU
		{31B662CD-19D7-4FC0-9BB4-9E235F369D14}.Release|Any CPU.ActiveCfg = Release|Any CPU
		{31B662CD-19D7-4FC0-9BB4-9E235F369D14}.Release|Any CPU.Build.0 = Release|Any CPU
		{B5F1825F-9803-40DC-AF52-F135741F7D35}.Debug|Any CPU.ActiveCfg = Debug|Any CPU
		{B5F1825F-9803-40DC-AF52-F135741F7D35}.Debug|Any CPU.Build.0 = Debug|Any CPU
		{B5F1825F-9803-40DC-AF52-F135741F7D35}.Release|Any CPU.ActiveCfg = Release|Any CPU
		{B5F1825F-9803-40DC-AF52-F135741F7D35}.Release|Any CPU.Build.0 = Release|Any CPU
		{9E6486EA-6116-4C7F-A4E7-B3CC451B17E6}.Debug|Any CPU.ActiveCfg = Debug|Any CPU
		{9E6486EA-6116-4C7F-A4E7-B3CC451B17E6}.Debug|Any CPU.Build.0 = Debug|Any CPU
		{9E6486EA-6116-4C7F-A4E7-B3CC451B17E6}.Release|Any CPU.ActiveCfg = Release|Any CPU
		{9E6486EA-6116-4C7F-A4E7-B3CC451B17E6}.Release|Any CPU.Build.0 = Release|Any CPU
		{62802829-32C8-4FE1-8DEB-07DB5864C61F}.Debug|Any CPU.ActiveCfg = Debug|Any CPU
		{62802829-32C8-4FE1-8DEB-07DB5864C61F}.Debug|Any CPU.Build.0 = Debug|Any CPU
		{62802829-32C8-4FE1-8DEB-07DB5864C61F}.Release|Any CPU.ActiveCfg = Release|Any CPU
		{62802829-32C8-4FE1-8DEB-07DB5864C61F}.Release|Any CPU.Build.0 = Release|Any CPU
		{2FBE5282-B13C-483A-BA64-17A8DDDFD2FD}.Debug|Any CPU.ActiveCfg = Debug|Any CPU
		{2FBE5282-B13C-483A-BA64-17A8DDDFD2FD}.Debug|Any CPU.Build.0 = Debug|Any CPU
		{2FBE5282-B13C-483A-BA64-17A8DDDFD2FD}.Release|Any CPU.ActiveCfg = Release|Any CPU
		{2FBE5282-B13C-483A-BA64-17A8DDDFD2FD}.Release|Any CPU.Build.0 = Release|Any CPU
		{F5D0F998-765A-4517-9BE9-24BDFE871BA2}.Debug|Any CPU.ActiveCfg = Debug|Any CPU
		{F5D0F998-765A-4517-9BE9-24BDFE871BA2}.Debug|Any CPU.Build.0 = Debug|Any CPU
		{F5D0F998-765A-4517-9BE9-24BDFE871BA2}.Release|Any CPU.ActiveCfg = Release|Any CPU
		{F5D0F998-765A-4517-9BE9-24BDFE871BA2}.Release|Any CPU.Build.0 = Release|Any CPU
		{7A631A9E-4769-4E20-AF68-BBC7FABFBEC0}.Debug|Any CPU.ActiveCfg = Debug|Any CPU
		{7A631A9E-4769-4E20-AF68-BBC7FABFBEC0}.Debug|Any CPU.Build.0 = Debug|Any CPU
		{7A631A9E-4769-4E20-AF68-BBC7FABFBEC0}.Release|Any CPU.ActiveCfg = Release|Any CPU
		{7A631A9E-4769-4E20-AF68-BBC7FABFBEC0}.Release|Any CPU.Build.0 = Release|Any CPU
		{15FF4EA1-34F6-4092-9596-10F4262EF636}.Debug|Any CPU.ActiveCfg = Debug|Any CPU
		{15FF4EA1-34F6-4092-9596-10F4262EF636}.Debug|Any CPU.Build.0 = Debug|Any CPU
		{15FF4EA1-34F6-4092-9596-10F4262EF636}.Release|Any CPU.ActiveCfg = Release|Any CPU
		{15FF4EA1-34F6-4092-9596-10F4262EF636}.Release|Any CPU.Build.0 = Release|Any CPU
		{21EDDA8B-4E32-4B0C-8410-99C1DE718594}.Debug|Any CPU.ActiveCfg = Debug|Any CPU
		{21EDDA8B-4E32-4B0C-8410-99C1DE718594}.Debug|Any CPU.Build.0 = Debug|Any CPU
		{21EDDA8B-4E32-4B0C-8410-99C1DE718594}.Release|Any CPU.ActiveCfg = Release|Any CPU
		{21EDDA8B-4E32-4B0C-8410-99C1DE718594}.Release|Any CPU.Build.0 = Release|Any CPU
		{32DDDE09-CCB7-4C0B-9006-2EFEA3BED908}.Debug|Any CPU.ActiveCfg = Debug|Any CPU
		{32DDDE09-CCB7-4C0B-9006-2EFEA3BED908}.Debug|Any CPU.Build.0 = Debug|Any CPU
		{32DDDE09-CCB7-4C0B-9006-2EFEA3BED908}.Release|Any CPU.ActiveCfg = Release|Any CPU
		{32DDDE09-CCB7-4C0B-9006-2EFEA3BED908}.Release|Any CPU.Build.0 = Release|Any CPU
	EndGlobalSection
	GlobalSection(SolutionProperties) = preSolution
		HideSolutionNode = FALSE
	EndGlobalSection
	GlobalSection(NestedProjects) = preSolution
		{A5E8703B-F910-4172-91AF-0725E8B2742D} = {6F6DE0FB-441C-4931-B2F2-03A3FE2A860B}
		{0CCA0DC5-B88E-4093-8EC0-42382E014369} = {6F6DE0FB-441C-4931-B2F2-03A3FE2A860B}
		{62B59A6B-0B6B-49D5-8D80-86130B02F286} = {6F6DE0FB-441C-4931-B2F2-03A3FE2A860B}
		{2A31A3A0-AA75-4212-8336-1CC4047F6D04} = {6F6DE0FB-441C-4931-B2F2-03A3FE2A860B}
		{76ECE0C6-1DD3-4F5F-9BB0-5907B90339F2} = {6F6DE0FB-441C-4931-B2F2-03A3FE2A860B}
		{94314BDF-5292-48E5-8E0E-BFB4E850B860} = {6F6DE0FB-441C-4931-B2F2-03A3FE2A860B}
		{646BBAD6-75AA-4858-B4A6-8665AE59A322} = {6F6DE0FB-441C-4931-B2F2-03A3FE2A860B}
		{0BF2390C-C1FF-4CD7-B63B-69C7E7CFA7E5} = {6F6DE0FB-441C-4931-B2F2-03A3FE2A860B}
		{9AA2BE3F-08D7-4EFF-BA54-8064145104F8} = {6F6DE0FB-441C-4931-B2F2-03A3FE2A860B}
		{4FF7D6A7-7CB0-403C-ADDF-E66A7AF2B49F} = {FBD1B069-C8E1-4E66-89D0-45ABF39B84AA}
		{E3F7317A-29B3-430A-96D7-1EA5308D7DE2} = {FBD1B069-C8E1-4E66-89D0-45ABF39B84AA}
		{53E941F6-3031-4F97-8AE0-CF4C2BAC4A37} = {FBD1B069-C8E1-4E66-89D0-45ABF39B84AA}
		{9178B491-857B-4BFF-B239-F8D1E08A5D6F} = {F7931588-402F-4DE8-B936-E9331CB93049}
		{6F6DE0FB-441C-4931-B2F2-03A3FE2A860B} = {F7931588-402F-4DE8-B936-E9331CB93049}
		{7D981A47-F752-4FF9-8B62-18A19F3870F4} = {9FE99789-B26D-4532-A1A8-ABFB2BBF7921}
		{D0B585E6-C656-44C5-986E-92D8E369F9AB} = {9FE99789-B26D-4532-A1A8-ABFB2BBF7921}
		{1688DCD7-C062-41B5-900A-E41C3256D0EE} = {01AB2F9F-F4FC-4EC9-996B-F678BC1A081F}
		{31B662CD-19D7-4FC0-9BB4-9E235F369D14} = {01AB2F9F-F4FC-4EC9-996B-F678BC1A081F}
		{B5F1825F-9803-40DC-AF52-F135741F7D35} = {C2C2B252-9675-4F5E-8DEE-A854F78DFC38}
		{9E6486EA-6116-4C7F-A4E7-B3CC451B17E6} = {C2C2B252-9675-4F5E-8DEE-A854F78DFC38}
		{2FBE5282-B13C-483A-BA64-17A8DDDFD2FD} = {2B29F3DB-12C2-492F-885F-F84C1A12149B}
		{F5D0F998-765A-4517-9BE9-24BDFE871BA2} = {2B29F3DB-12C2-492F-885F-F84C1A12149B}
		{7A631A9E-4769-4E20-AF68-BBC7FABFBEC0} = {11E71E3E-DB33-4706-A498-BAFA0AE00B8E}
		{15FF4EA1-34F6-4092-9596-10F4262EF636} = {11E71E3E-DB33-4706-A498-BAFA0AE00B8E}
		{21EDDA8B-4E32-4B0C-8410-99C1DE718594} = {2B29F3DB-12C2-492F-885F-F84C1A12149B}
		{32DDDE09-CCB7-4C0B-9006-2EFEA3BED908} = {2B29F3DB-12C2-492F-885F-F84C1A12149B}
		{9FE99789-B26D-4532-A1A8-ABFB2BBF7921} = {F7931588-402F-4DE8-B936-E9331CB93049}
		{11E71E3E-DB33-4706-A498-BAFA0AE00B8E} = {F7931588-402F-4DE8-B936-E9331CB93049}
		{01AB2F9F-F4FC-4EC9-996B-F678BC1A081F} = {F7931588-402F-4DE8-B936-E9331CB93049}
		{2B29F3DB-12C2-492F-885F-F84C1A12149B} = {F7931588-402F-4DE8-B936-E9331CB93049}
	EndGlobalSection
	GlobalSection(ExtensibilityGlobals) = postSolution
		SolutionGuid = {3EE88310-809A-4513-BF96-3E65A1A35C74}
	EndGlobalSection
EndGlobal
