
Microsoft Visual Studio Solution File, Format Version 12.00
# Visual Studio 15
VisualStudioVersion = 15.0.26430.12
MinimumVisualStudioVersion = 10.0.40219.1
Project("{9A19103F-16F7-4668-BE54-9A1E7A4F7556}") = "Net.Chdk.Meta.Providers.Camera.Eos.Core", "Net.Chdk.Meta.Providers.Camera.Eos.Core.csproj", "{C534284B-3B91-4E84-8FE1-C4F7C2D29767}"
EndProject
Global
	GlobalSection(SolutionConfigurationPlatforms) = preSolution
		Debug|Any CPU = Debug|Any CPU
		Release|Any CPU = Release|Any CPU
	EndGlobalSection
	GlobalSection(ProjectConfigurationPlatforms) = postSolution
		{C534284B-3B91-4E84-8FE1-C4F7C2D29767}.Debug|Any CPU.ActiveCfg = Debug|Any CPU
		{C534284B-3B91-4E84-8FE1-C4F7C2D29767}.Debug|Any CPU.Build.0 = Debug|Any CPU
		{C534284B-3B91-4E84-8FE1-C4F7C2D29767}.Release|Any CPU.ActiveCfg = Release|Any CPU
		{C534284B-3B91-4E84-8FE1-C4F7C2D29767}.Release|Any CPU.Build.0 = Release|Any CPU
	EndGlobalSection
	GlobalSection(SolutionProperties) = preSolution
		HideSolutionNode = FALSE
	EndGlobalSection
EndGlobal
