
Microsoft Visual Studio Solution File, Format Version 12.00
# Visual Studio 15
VisualStudioVersion = 15.0.26430.12
MinimumVisualStudioVersion = 10.0.40219.1
Project("{FAE04EC0-301F-11D3-BF4B-00C04F79EFBC}") = "Net.Chdk.Meta.Providers.Camera", "Net.Chdk.Meta.Providers.Camera.csproj", "{2337D4E7-9DB6-4063-A30F-6E76AA6D3947}"
EndProject
Global
	GlobalSection(SolutionConfigurationPlatforms) = preSolution
		Debug|Any CPU = Debug|Any CPU
		Release|Any CPU = Release|Any CPU
	EndGlobalSection
	GlobalSection(ProjectConfigurationPlatforms) = postSolution
		{2337D4E7-9DB6-4063-A30F-6E76AA6D3947}.Debug|Any CPU.ActiveCfg = Debug|Any CPU
		{2337D4E7-9DB6-4063-A30F-6E76AA6D3947}.Debug|Any CPU.Build.0 = Debug|Any CPU
		{2337D4E7-9DB6-4063-A30F-6E76AA6D3947}.Release|Any CPU.ActiveCfg = Release|Any CPU
		{2337D4E7-9DB6-4063-A30F-6E76AA6D3947}.Release|Any CPU.Build.0 = Release|Any CPU
	EndGlobalSection
	GlobalSection(SolutionProperties) = preSolution
		HideSolutionNode = FALSE
	EndGlobalSection
EndGlobal
