
Microsoft Visual Studio Solution File, Format Version 12.00
# Visual Studio 15
VisualStudioVersion = 15.0.26430.12
MinimumVisualStudioVersion = 10.0.40219.1
Project("{9A19103F-16F7-4668-BE54-9A1E7A4F7556}") = "Net.Chdk.Meta.Generators.Platform.Eos", "Net.Chdk.Meta.Generators.Platform.Eos.csproj", "{CC514D90-F1A3-4372-BB9C-ACB5AFE33281}"
EndProject
Project("{FAE04EC0-301F-11D3-BF4B-00C04F79EFBC}") = "Net.Chdk.Meta.Generators.Platform.Eos.Tests", "..\Net.Chdk.Meta.Generators.Platform.Eos.Tests\Net.Chdk.Meta.Generators.Platform.Eos.Tests.csproj", "{3CCFB93A-51AB-4D83-AAD9-85F535350069}"
EndProject
Global
	GlobalSection(SolutionConfigurationPlatforms) = preSolution
		Debug|Any CPU = Debug|Any CPU
		Release|Any CPU = Release|Any CPU
	EndGlobalSection
	GlobalSection(ProjectConfigurationPlatforms) = postSolution
		{CC514D90-F1A3-4372-BB9C-ACB5AFE33281}.Debug|Any CPU.ActiveCfg = Debug|Any CPU
		{CC514D90-F1A3-4372-BB9C-ACB5AFE33281}.Debug|Any CPU.Build.0 = Debug|Any CPU
		{CC514D90-F1A3-4372-BB9C-ACB5AFE33281}.Release|Any CPU.ActiveCfg = Release|Any CPU
		{CC514D90-F1A3-4372-BB9C-ACB5AFE33281}.Release|Any CPU.Build.0 = Release|Any CPU
		{3CCFB93A-51AB-4D83-AAD9-85F535350069}.Debug|Any CPU.ActiveCfg = Debug|Any CPU
		{3CCFB93A-51AB-4D83-AAD9-85F535350069}.Debug|Any CPU.Build.0 = Debug|Any CPU
		{3CCFB93A-51AB-4D83-AAD9-85F535350069}.Release|Any CPU.ActiveCfg = Release|Any CPU
		{3CCFB93A-51AB-4D83-AAD9-85F535350069}.Release|Any CPU.Build.0 = Release|Any CPU
	EndGlobalSection
	GlobalSection(SolutionProperties) = preSolution
		HideSolutionNode = FALSE
	EndGlobalSection
EndGlobal
