
Microsoft Visual Studio Solution File, Format Version 12.00
# Visual Studio 15
VisualStudioVersion = 15.0.26430.12
MinimumVisualStudioVersion = 10.0.40219.1
Project("{9A19103F-16F7-4668-BE54-9A1E7A4F7556}") = "Net.Chdk.Providers.Software.Product", "Net.Chdk.Providers.Software.Product.csproj", "{9A43D1D6-288E-443D-85B7-892785E512DC}"
EndProject
Global
	GlobalSection(SharedMSBuildProjectFiles) = preSolution
		..\..\..\Net.Chdk.Core\src\Net.Chdk.Shared\Net.Chdk.Shared.projitems*{9a43d1d6-288e-443d-85b7-892785e512dc}*SharedItemsImports = 4
	EndGlobalSection
	GlobalSection(SolutionConfigurationPlatforms) = preSolution
		Debug|Any CPU = Debug|Any CPU
		Release|Any CPU = Release|Any CPU
	EndGlobalSection
	GlobalSection(ProjectConfigurationPlatforms) = postSolution
		{9A43D1D6-288E-443D-85B7-892785E512DC}.Debug|Any CPU.ActiveCfg = Debug|Any CPU
		{9A43D1D6-288E-443D-85B7-892785E512DC}.Debug|Any CPU.Build.0 = Debug|Any CPU
		{9A43D1D6-288E-443D-85B7-892785E512DC}.Release|Any CPU.ActiveCfg = Release|Any CPU
		{9A43D1D6-288E-443D-85B7-892785E512DC}.Release|Any CPU.Build.0 = Release|Any CPU
	EndGlobalSection
	GlobalSection(SolutionProperties) = preSolution
		HideSolutionNode = FALSE
	EndGlobalSection
EndGlobal
